// !$*UTF8*$!
{
	archiveVersion = 1;
	classes = {
	};
	objectVersion = 55;
	objects = {

/* Begin PBXBuildFile section */
		4A77CF2A2820D11F0072ADCB /* texture.c in Sources */ = {isa = PBXBuildFile; fileRef = 4A77CF182820D11F0072ADCB /* texture.c */; };
		4A77CF2B2820D11F0072ADCB /* line.c in Sources */ = {isa = PBXBuildFile; fileRef = 4A77CF1A2820D11F0072ADCB /* line.c */; };
		4A77CF2C2820D11F0072ADCB /* json.c in Sources */ = {isa = PBXBuildFile; fileRef = 4A77CF1B2820D11F0072ADCB /* json.c */; };
		4A77CF2D2820D11F0072ADCB /* lodepng.c in Sources */ = {isa = PBXBuildFile; fileRef = 4A77CF1C2820D11F0072ADCB /* lodepng.c */; };
		4A77CF2E2820D11F0072ADCB /* blob.c in Sources */ = {isa = PBXBuildFile; fileRef = 4A77CF1D2820D11F0072ADCB /* blob.c */; };
		4A77CF2F2820D11F0072ADCB /* json-parser.c in Sources */ = {isa = PBXBuildFile; fileRef = 4A77CF1E2820D11F0072ADCB /* json-parser.c */; };
		4A77CF302820D11F0072ADCB /* convert.c in Sources */ = {isa = PBXBuildFile; fileRef = 4A77CF1F2820D11F0072ADCB /* convert.c */; };
		4A77CF312820D11F0072ADCB /* png.c in Sources */ = {isa = PBXBuildFile; fileRef = 4A77CF202820D11F0072ADCB /* png.c */; };
		4A77CF322820D11F0072ADCB /* skeleton.c in Sources */ = {isa = PBXBuildFile; fileRef = 4A77CF212820D11F0072ADCB /* skeleton.c */; };
		4A77CF332820D11F0072ADCB /* main.c in Sources */ = {isa = PBXBuildFile; fileRef = 4A77CF222820D11F0072ADCB /* main.c */; };
		4A77CF342820D11F0072ADCB /* draw.c in Sources */ = {isa = PBXBuildFile; fileRef = 4A77CF232820D11F0072ADCB /* draw.c */; };
		4A77CF352820D11F0072ADCB /* color.c in Sources */ = {isa = PBXBuildFile; fileRef = 4A77CF242820D11F0072ADCB /* color.c */; };
		4A77CF362820D11F0072ADCB /* dots.c in Sources */ = {isa = PBXBuildFile; fileRef = 4A77CF252820D11F0072ADCB /* dots.c */; };
		4A77CF372820D11F0072ADCB /* threshold.c in Sources */ = {isa = PBXBuildFile; fileRef = 4A77CF262820D11F0072ADCB /* threshold.c */; };
		4A77CF382820D11F0072ADCB /* tile.c in Sources */ = {isa = PBXBuildFile; fileRef = 4A77CF282820D11F0072ADCB /* tile.c */; };
/* End PBXBuildFile section */

/* Begin PBXCopyFilesBuildPhase section */
		4A4C67F827A10E4D0012C514 /* CopyFiles */ = {
			isa = PBXCopyFilesBuildPhase;
			buildActionMask = 2147483647;
			dstPath = /usr/share/man/man1/;
			dstSubfolderSpec = 0;
			files = (
			);
			runOnlyForDeploymentPostprocessing = 1;
		};
/* End PBXCopyFilesBuildPhase section */

/* Begin PBXFileReference section */
		4A4C67FA27A10E4D0012C514 /* map2jsonmac */ = {isa = PBXFileReference; explicitFileType = "compiled.mach-o.executable"; includeInIndex = 0; path = map2jsonmac; sourceTree = BUILT_PRODUCTS_DIR; };
		4A77CF172820D11F0072ADCB /* map2json.h */ = {isa = PBXFileReference; fileEncoding = 4; lastKnownFileType = sourcecode.c.h; name = map2json.h; path = ../../map/src/map2json.h; sourceTree = "<group>"; };
		4A77CF182820D11F0072ADCB /* texture.c */ = {isa = PBXFileReference; fileEncoding = 4; lastKnownFileType = sourcecode.c.c; name = texture.c; path = ../../map/src/texture.c; sourceTree = "<group>"; };
		4A77CF192820D11F0072ADCB /* lodepng.h */ = {isa = PBXFileReference; fileEncoding = 4; lastKnownFileType = sourcecode.c.h; name = lodepng.h; path = ../../map/src/lodepng.h; sourceTree = "<group>"; };
		4A77CF1A2820D11F0072ADCB /* line.c */ = {isa = PBXFileReference; fileEncoding = 4; lastKnownFileType = sourcecode.c.c; name = line.c; path = ../../map/src/line.c; sourceTree = "<group>"; };
		4A77CF1B2820D11F0072ADCB /* json.c */ = {isa = PBXFileReference; fileEncoding = 4; lastKnownFileType = sourcecode.c.c; name = json.c; path = ../../map/src/json.c; sourceTree = "<group>"; };
		4A77CF1C2820D11F0072ADCB /* lodepng.c */ = {isa = PBXFileReference; fileEncoding = 4; lastKnownFileType = sourcecode.c.c; name = lodepng.c; path = ../../map/src/lodepng.c; sourceTree = "<group>"; };
		4A77CF1D2820D11F0072ADCB /* blob.c */ = {isa = PBXFileReference; fileEncoding = 4; lastKnownFileType = sourcecode.c.c; name = blob.c; path = ../../map/src/blob.c; sourceTree = "<group>"; };
		4A77CF1E2820D11F0072ADCB /* json-parser.c */ = {isa = PBXFileReference; fileEncoding = 4; lastKnownFileType = sourcecode.c.c; name = "json-parser.c"; path = "../../map/src/json-parser.c"; sourceTree = "<group>"; };
		4A77CF1F2820D11F0072ADCB /* convert.c */ = {isa = PBXFileReference; fileEncoding = 4; lastKnownFileType = sourcecode.c.c; name = convert.c; path = ../../map/src/convert.c; sourceTree = "<group>"; };
		4A77CF202820D11F0072ADCB /* png.c */ = {isa = PBXFileReference; fileEncoding = 4; lastKnownFileType = sourcecode.c.c; name = png.c; path = ../../map/src/png.c; sourceTree = "<group>"; };
		4A77CF212820D11F0072ADCB /* skeleton.c */ = {isa = PBXFileReference; fileEncoding = 4; lastKnownFileType = sourcecode.c.c; name = skeleton.c; path = ../../map/src/skeleton.c; sourceTree = "<group>"; };
		4A77CF222820D11F0072ADCB /* main.c */ = {isa = PBXFileReference; fileEncoding = 4; lastKnownFileType = sourcecode.c.c; name = main.c; path = ../../map/src/main.c; sourceTree = "<group>"; };
		4A77CF232820D11F0072ADCB /* draw.c */ = {isa = PBXFileReference; fileEncoding = 4; lastKnownFileType = sourcecode.c.c; name = draw.c; path = ../../map/src/draw.c; sourceTree = "<group>"; };
		4A77CF242820D11F0072ADCB /* color.c */ = {isa = PBXFileReference; fileEncoding = 4; lastKnownFileType = sourcecode.c.c; name = color.c; path = ../../map/src/color.c; sourceTree = "<group>"; };
		4A77CF252820D11F0072ADCB /* dots.c */ = {isa = PBXFileReference; fileEncoding = 4; lastKnownFileType = sourcecode.c.c; name = dots.c; path = ../../map/src/dots.c; sourceTree = "<group>"; };
		4A77CF262820D11F0072ADCB /* threshold.c */ = {isa = PBXFileReference; fileEncoding = 4; lastKnownFileType = sourcecode.c.c; name = threshold.c; path = ../../map/src/threshold.c; sourceTree = "<group>"; };
		4A77CF272820D11F0072ADCB /* toolkit.h */ = {isa = PBXFileReference; fileEncoding = 4; lastKnownFileType = sourcecode.c.h; name = toolkit.h; path = ../../map/src/toolkit.h; sourceTree = "<group>"; };
		4A77CF282820D11F0072ADCB /* tile.c */ = {isa = PBXFileReference; fileEncoding = 4; lastKnownFileType = sourcecode.c.c; name = tile.c; path = ../../map/src/tile.c; sourceTree = "<group>"; };
		4A77CF292820D11F0072ADCB /* json-parser.h */ = {isa = PBXFileReference; fileEncoding = 4; lastKnownFileType = sourcecode.c.h; name = "json-parser.h"; path = "../../map/src/json-parser.h"; sourceTree = "<group>"; };
/* End PBXFileReference section */

/* Begin PBXFrameworksBuildPhase section */
		4A4C67F727A10E4D0012C514 /* Frameworks */ = {
			isa = PBXFrameworksBuildPhase;
			buildActionMask = 2147483647;
			files = (
			);
			runOnlyForDeploymentPostprocessing = 0;
		};
/* End PBXFrameworksBuildPhase section */

/* Begin PBXGroup section */
		4A4C67F127A10E4D0012C514 = {
			isa = PBXGroup;
			children = (
				4A4C67FC27A10E4D0012C514 /* map2jsonmac */,
				4A4C67FB27A10E4D0012C514 /* Products */,
			);
			sourceTree = "<group>";
		};
		4A4C67FB27A10E4D0012C514 /* Products */ = {
			isa = PBXGroup;
			children = (
				4A4C67FA27A10E4D0012C514 /* map2jsonmac */,
			);
			name = Products;
			sourceTree = "<group>";
		};
		4A4C67FC27A10E4D0012C514 /* map2jsonmac */ = {
			isa = PBXGroup;
			children = (
				4A77CF1D2820D11F0072ADCB /* blob.c */,
				4A77CF242820D11F0072ADCB /* color.c */,
				4A77CF1F2820D11F0072ADCB /* convert.c */,
				4A77CF252820D11F0072ADCB /* dots.c */,
				4A77CF232820D11F0072ADCB /* draw.c */,
				4A77CF1E2820D11F0072ADCB /* json-parser.c */,
				4A77CF292820D11F0072ADCB /* json-parser.h */,
				4A77CF1B2820D11F0072ADCB /* json.c */,
				4A77CF1A2820D11F0072ADCB /* line.c */,
				4A77CF1C2820D11F0072ADCB /* lodepng.c */,
				4A77CF192820D11F0072ADCB /* lodepng.h */,
				4A77CF222820D11F0072ADCB /* main.c */,
				4A77CF172820D11F0072ADCB /* map2json.h */,
				4A77CF202820D11F0072ADCB /* png.c */,
				4A77CF212820D11F0072ADCB /* skeleton.c */,
				4A77CF182820D11F0072ADCB /* texture.c */,
				4A77CF262820D11F0072ADCB /* threshold.c */,
				4A77CF282820D11F0072ADCB /* tile.c */,
				4A77CF272820D11F0072ADCB /* toolkit.h */,
			);
			path = map2jsonmac;
			sourceTree = "<group>";
		};
/* End PBXGroup section */

/* Begin PBXNativeTarget section */
		4A4C67F927A10E4D0012C514 /* map2jsonmac */ = {
			isa = PBXNativeTarget;
			buildConfigurationList = 4A4C680127A10E4D0012C514 /* Build configuration list for PBXNativeTarget "map2jsonmac" */;
			buildPhases = (
				4A4C67F627A10E4D0012C514 /* Sources */,
				4A4C67F727A10E4D0012C514 /* Frameworks */,
				4A4C67F827A10E4D0012C514 /* CopyFiles */,
			);
			buildRules = (
			);
			dependencies = (
			);
			name = map2jsonmac;
			productName = map2jsonmac;
			productReference = 4A4C67FA27A10E4D0012C514 /* map2jsonmac */;
			productType = "com.apple.product-type.tool";
		};
/* End PBXNativeTarget section */

/* Begin PBXProject section */
		4A4C67F227A10E4D0012C514 /* Project object */ = {
			isa = PBXProject;
			attributes = {
				BuildIndependentTargetsInParallel = 1;
				LastUpgradeCheck = 1320;
				TargetAttributes = {
					4A4C67F927A10E4D0012C514 = {
						CreatedOnToolsVersion = 13.2.1;
					};
				};
			};
			buildConfigurationList = 4A4C67F527A10E4D0012C514 /* Build configuration list for PBXProject "map2jsonmac" */;
			compatibilityVersion = "Xcode 13.0";
			developmentRegion = en;
			hasScannedForEncodings = 0;
			knownRegions = (
				en,
				Base,
			);
			mainGroup = 4A4C67F127A10E4D0012C514;
			productRefGroup = 4A4C67FB27A10E4D0012C514 /* Products */;
			projectDirPath = "";
			projectRoot = "";
			targets = (
				4A4C67F927A10E4D0012C514 /* map2jsonmac */,
			);
		};
/* End PBXProject section */

/* Begin PBXSourcesBuildPhase section */
		4A4C67F627A10E4D0012C514 /* Sources */ = {
			isa = PBXSourcesBuildPhase;
			buildActionMask = 2147483647;
			files = (
				4A77CF362820D11F0072ADCB /* dots.c in Sources */,
				4A77CF332820D11F0072ADCB /* main.c in Sources */,
				4A77CF2F2820D11F0072ADCB /* json-parser.c in Sources */,
				4A77CF322820D11F0072ADCB /* skeleton.c in Sources */,
				4A77CF352820D11F0072ADCB /* color.c in Sources */,
				4A77CF2E2820D11F0072ADCB /* blob.c in Sources */,
				4A77CF342820D11F0072ADCB /* draw.c in Sources */,
				4A77CF2A2820D11F0072ADCB /* texture.c in Sources */,
				4A77CF312820D11F0072ADCB /* png.c in Sources */,
				4A77CF2B2820D11F0072ADCB /* line.c in Sources */,
				4A77CF382820D11F0072ADCB /* tile.c in Sources */,
				4A77CF302820D11F0072ADCB /* convert.c in Sources */,
				4A77CF372820D11F0072ADCB /* threshold.c in Sources */,
				4A77CF2C2820D11F0072ADCB /* json.c in Sources */,
				4A77CF2D2820D11F0072ADCB /* lodepng.c in Sources */,
			);
			runOnlyForDeploymentPostprocessing = 0;
		};
/* End PBXSourcesBuildPhase section */

/* Begin XCBuildConfiguration section */
		4A4C67FF27A10E4D0012C514 /* Debug */ = {
			isa = XCBuildConfiguration;
			buildSettings = {
				ALWAYS_SEARCH_USER_PATHS = NO;
				CLANG_ANALYZER_NONNULL = YES;
				CLANG_ANALYZER_NUMBER_OBJECT_CONVERSION = YES_AGGRESSIVE;
				CLANG_CXX_LANGUAGE_STANDARD = "gnu++17";
				CLANG_CXX_LIBRARY = "libc++";
				CLANG_ENABLE_MODULES = YES;
				CLANG_ENABLE_OBJC_ARC = YES;
				CLANG_ENABLE_OBJC_WEAK = YES;
				CLANG_WARN_BLOCK_CAPTURE_AUTORELEASING = YES;
				CLANG_WARN_BOOL_CONVERSION = YES;
				CLANG_WARN_COMMA = YES;
				CLANG_WARN_CONSTANT_CONVERSION = YES;
				CLANG_WARN_DEPRECATED_OBJC_IMPLEMENTATIONS = YES;
				CLANG_WARN_DIRECT_OBJC_ISA_USAGE = YES_ERROR;
				CLANG_WARN_DOCUMENTATION_COMMENTS = YES;
				CLANG_WARN_EMPTY_BODY = YES;
				CLANG_WARN_ENUM_CONVERSION = YES;
				CLANG_WARN_INFINITE_RECURSION = YES;
				CLANG_WARN_INT_CONVERSION = YES;
				CLANG_WARN_NON_LITERAL_NULL_CONVERSION = YES;
				CLANG_WARN_OBJC_IMPLICIT_RETAIN_SELF = YES;
				CLANG_WARN_OBJC_LITERAL_CONVERSION = YES;
				CLANG_WARN_OBJC_ROOT_CLASS = YES_ERROR;
				CLANG_WARN_QUOTED_INCLUDE_IN_FRAMEWORK_HEADER = YES;
				CLANG_WARN_RANGE_LOOP_ANALYSIS = YES;
				CLANG_WARN_STRICT_PROTOTYPES = YES;
				CLANG_WARN_SUSPICIOUS_MOVE = YES;
				CLANG_WARN_UNGUARDED_AVAILABILITY = YES_AGGRESSIVE;
				CLANG_WARN_UNREACHABLE_CODE = YES;
				CLANG_WARN__DUPLICATE_METHOD_MATCH = YES;
				COPY_PHASE_STRIP = NO;
				DEBUG_INFORMATION_FORMAT = dwarf;
				ENABLE_STRICT_OBJC_MSGSEND = YES;
				ENABLE_TESTABILITY = YES;
				GCC_C_LANGUAGE_STANDARD = gnu11;
				GCC_DYNAMIC_NO_PIC = NO;
				GCC_NO_COMMON_BLOCKS = YES;
				GCC_OPTIMIZATION_LEVEL = 0;
				GCC_PREPROCESSOR_DEFINITIONS = (
					"DEBUG=1",
					"$(inherited)",
				);
				GCC_WARN_64_TO_32_BIT_CONVERSION = YES;
				GCC_WARN_ABOUT_RETURN_TYPE = YES_ERROR;
				GCC_WARN_UNDECLARED_SELECTOR = YES;
				GCC_WARN_UNINITIALIZED_AUTOS = YES_AGGRESSIVE;
				GCC_WARN_UNUSED_FUNCTION = YES;
				GCC_WARN_UNUSED_VARIABLE = YES;
				MACOSX_DEPLOYMENT_TARGET = 11.6;
				MTL_ENABLE_DEBUG_INFO = INCLUDE_SOURCE;
				MTL_FAST_MATH = YES;
				ONLY_ACTIVE_ARCH = YES;
				SDKROOT = macosx;
			};
			name = Debug;
		};
		4A4C680027A10E4D0012C514 /* Release */ = {
			isa = XCBuildConfiguration;
			buildSettings = {
				ALWAYS_SEARCH_USER_PATHS = NO;
				CLANG_ANALYZER_NONNULL = YES;
				CLANG_ANALYZER_NUMBER_OBJECT_CONVERSION = YES_AGGRESSIVE;
				CLANG_CXX_LANGUAGE_STANDARD = "gnu++17";
				CLANG_CXX_LIBRARY = "libc++";
				CLANG_ENABLE_MODULES = YES;
				CLANG_ENABLE_OBJC_ARC = YES;
				CLANG_ENABLE_OBJC_WEAK = YES;
				CLANG_WARN_BLOCK_CAPTURE_AUTORELEASING = YES;
				CLANG_WARN_BOOL_CONVERSION = YES;
				CLANG_WARN_COMMA = YES;
				CLANG_WARN_CONSTANT_CONVERSION = YES;
				CLANG_WARN_DEPRECATED_OBJC_IMPLEMENTATIONS = YES;
				CLANG_WARN_DIRECT_OBJC_ISA_USAGE = YES_ERROR;
				CLANG_WARN_DOCUMENTATION_COMMENTS = YES;
				CLANG_WARN_EMPTY_BODY = YES;
				CLANG_WARN_ENUM_CONVERSION = YES;
				CLANG_WARN_INFINITE_RECURSION = YES;
				CLANG_WARN_INT_CONVERSION = YES;
				CLANG_WARN_NON_LITERAL_NULL_CONVERSION = YES;
				CLANG_WARN_OBJC_IMPLICIT_RETAIN_SELF = YES;
				CLANG_WARN_OBJC_LITERAL_CONVERSION = YES;
				CLANG_WARN_OBJC_ROOT_CLASS = YES_ERROR;
				CLANG_WARN_QUOTED_INCLUDE_IN_FRAMEWORK_HEADER = YES;
				CLANG_WARN_RANGE_LOOP_ANALYSIS = YES;
				CLANG_WARN_STRICT_PROTOTYPES = YES;
				CLANG_WARN_SUSPICIOUS_MOVE = YES;
				CLANG_WARN_UNGUARDED_AVAILABILITY = YES_AGGRESSIVE;
				CLANG_WARN_UNREACHABLE_CODE = YES;
				CLANG_WARN__DUPLICATE_METHOD_MATCH = YES;
				COPY_PHASE_STRIP = NO;
				DEBUG_INFORMATION_FORMAT = "dwarf-with-dsym";
				ENABLE_NS_ASSERTIONS = NO;
				ENABLE_STRICT_OBJC_MSGSEND = YES;
				GCC_C_LANGUAGE_STANDARD = gnu11;
				GCC_NO_COMMON_BLOCKS = YES;
				GCC_WARN_64_TO_32_BIT_CONVERSION = YES;
				GCC_WARN_ABOUT_RETURN_TYPE = YES_ERROR;
				GCC_WARN_UNDECLARED_SELECTOR = YES;
				GCC_WARN_UNINITIALIZED_AUTOS = YES_AGGRESSIVE;
				GCC_WARN_UNUSED_FUNCTION = YES;
				GCC_WARN_UNUSED_VARIABLE = YES;
				MACOSX_DEPLOYMENT_TARGET = 11.6;
				MTL_ENABLE_DEBUG_INFO = NO;
				MTL_FAST_MATH = YES;
				SDKROOT = macosx;
			};
			name = Release;
		};
		4A4C680227A10E4D0012C514 /* Debug */ = {
			isa = XCBuildConfiguration;
			buildSettings = {
				CODE_SIGN_STYLE = Automatic;
				PRODUCT_NAME = "$(TARGET_NAME)";
			};
			name = Debug;
		};
		4A4C680327A10E4D0012C514 /* Release */ = {
			isa = XCBuildConfiguration;
			buildSettings = {
				CODE_SIGN_STYLE = Automatic;
				PRODUCT_NAME = "$(TARGET_NAME)";
			};
			name = Release;
		};
/* End XCBuildConfiguration section */

/* Begin XCConfigurationList section */
		4A4C67F527A10E4D0012C514 /* Build configuration list for PBXProject "map2jsonmac" */ = {
			isa = XCConfigurationList;
			buildConfigurations = (
				4A4C67FF27A10E4D0012C514 /* Debug */,
				4A4C680027A10E4D0012C514 /* Release */,
			);
			defaultConfigurationIsVisible = 0;
			defaultConfigurationName = Release;
		};
		4A4C680127A10E4D0012C514 /* Build configuration list for PBXNativeTarget "map2jsonmac" */ = {
			isa = XCConfigurationList;
			buildConfigurations = (
				4A4C680227A10E4D0012C514 /* Debug */,
				4A4C680327A10E4D0012C514 /* Release */,
			);
			defaultConfigurationIsVisible = 0;
			defaultConfigurationName = Release;
		};
/* End XCConfigurationList section */
	};
	rootObject = 4A4C67F227A10E4D0012C514 /* Project object */;
}
